
Microsoft Visual Studio Solution File, Format Version 12.00
# Visual Studio Version 17
VisualStudioVersion = 17.4.33213.308
MinimumVisualStudioVersion = 10.0.40219.1
Project("{FAE04EC0-301F-11D3-BF4B-00C04F79EFBC}") = "WinFormsApp2", "WinFormsApp2\WinFormsApp2.csproj", "{DCC2D166-E4E4-4C72-A962-D48E093E5B9F}"
EndProject
Global
	GlobalSection(SolutionConfigurationPlatforms) = preSolution
		Debug|Any CPU = Debug|Any CPU
		Release|Any CPU = Release|Any CPU
	EndGlobalSection
	GlobalSection(ProjectConfigurationPlatforms) = postSolution
		{DCC2D166-E4E4-4C72-A962-D48E093E5B9F}.Debug|Any CPU.ActiveCfg = Debug|Any CPU
		{DCC2D166-E4E4-4C72-A962-D48E093E5B9F}.Debug|Any CPU.Build.0 = Debug|Any CPU
		{DCC2D166-E4E4-4C72-A962-D48E093E5B9F}.Release|Any CPU.ActiveCfg = Release|Any CPU
		{DCC2D166-E4E4-4C72-A962-D48E093E5B9F}.Release|Any CPU.Build.0 = Release|Any CPU
	EndGlobalSection
	GlobalSection(SolutionProperties) = preSolution
		HideSolutionNode = FALSE
	EndGlobalSection
	GlobalSection(ExtensibilityGlobals) = postSolution
		SolutionGuid = {E0C14FE9-564E-4E8C-B98C-F3E1F92FE028}
	EndGlobalSection
EndGlobal
